
Microsoft Visual Studio Solution File, Format Version 12.00
# Visual Studio Version 17
VisualStudioVersion = 17.0.31903.59
MinimumVisualStudioVersion = 10.0.40219.1
Project("{FAE04EC0-301F-11D3-BF4B-00C04F79EFBC}") = "BiblitoecaAPI_REST", "BiblitoecaAPI_REST\BiblitoecaAPI_REST.csproj", "{86E0B902-DFFF-4CA9-A056-300DA37337E6}"
EndProject
Global
	GlobalSection(SolutionConfigurationPlatforms) = preSolution
		Debug|Any CPU = Debug|Any CPU
		Release|Any CPU = Release|Any CPU
	EndGlobalSection
	GlobalSection(ProjectConfigurationPlatforms) = postSolution
		{86E0B902-DFFF-4CA9-A056-300DA37337E6}.Debug|Any CPU.ActiveCfg = Debug|Any CPU
		{86E0B902-DFFF-4CA9-A056-300DA37337E6}.Debug|Any CPU.Build.0 = Debug|Any CPU
		{86E0B902-DFFF-4CA9-A056-300DA37337E6}.Release|Any CPU.ActiveCfg = Release|Any CPU
		{86E0B902-DFFF-4CA9-A056-300DA37337E6}.Release|Any CPU.Build.0 = Release|Any CPU
	EndGlobalSection
	GlobalSection(SolutionProperties) = preSolution
		HideSolutionNode = FALSE
	EndGlobalSection
	GlobalSection(ExtensibilityGlobals) = postSolution
		SolutionGuid = {5DF1AF00-2ADE-4A71-9806-22113381A82B}
	EndGlobalSection
EndGlobal
